
Microsoft Visual Studio Solution File, Format Version 12.00
# Visual Studio Version 17
VisualStudioVersion = 17.3.32929.385
MinimumVisualStudioVersion = 10.0.40219.1
Project("{FAE04EC0-301F-11D3-BF4B-00C04F79EFBC}") = "WindowsFormsApp1", "WindowsFormsApp1\WindowsFormsApp1.csproj", "{72096BC1-7765-4A9E-B30E-123D424ABC53}"
EndProject
Global
	GlobalSection(SolutionConfigurationPlatforms) = preSolution
		Debug|Any CPU = Debug|Any CPU
		Release|Any CPU = Release|Any CPU
	EndGlobalSection
	GlobalSection(ProjectConfigurationPlatforms) = postSolution
		{72096BC1-7765-4A9E-B30E-123D424ABC53}.Debug|Any CPU.ActiveCfg = Debug|Any CPU
		{72096BC1-7765-4A9E-B30E-123D424ABC53}.Debug|Any CPU.Build.0 = Debug|Any CPU
		{72096BC1-7765-4A9E-B30E-123D424ABC53}.Release|Any CPU.ActiveCfg = Release|Any CPU
		{72096BC1-7765-4A9E-B30E-123D424ABC53}.Release|Any CPU.Build.0 = Release|Any CPU
	EndGlobalSection
	GlobalSection(SolutionProperties) = preSolution
		HideSolutionNode = FALSE
	EndGlobalSection
	GlobalSection(ExtensibilityGlobals) = postSolution
		SolutionGuid = {D8EBE803-B068-490B-8C88-BE1BB13B9335}
	EndGlobalSection
EndGlobal
